// !$*UTF8*$!
{
	archiveVersion = 1;
	classes = {
	};
	objectVersion = 46;
	objects = {

/* Begin PBXBuildFile section */
		03BA759F1CA8BA66002EACB9 /* AppDelegate.swift in Sources */ = {isa = PBXBuildFile; fileRef = 03BA759E1CA8BA66002EACB9 /* AppDelegate.swift */; };
		03BA75A11CA8BA66002EACB9 /* GameScene.swift in Sources */ = {isa = PBXBuildFile; fileRef = 03BA75A01CA8BA66002EACB9 /* GameScene.swift */; };
		03BA75A51CA8BA66002EACB9 /* Assets.xcassets in Resources */ = {isa = PBXBuildFile; fileRef = 03BA75A41CA8BA66002EACB9 /* Assets.xcassets */; };
		03BA75A81CA8BA66002EACB9 /* MainMenu.xib in Resources */ = {isa = PBXBuildFile; fileRef = 03BA75A61CA8BA66002EACB9 /* MainMenu.xib */; };
		03BA75B41CA8BAD8002EACB9 /* Board.swift in Sources */ = {isa = PBXBuildFile; fileRef = 03BA75B31CA8BAD8002EACB9 /* Board.swift */; };
		03BA75B61CA8BAF0002EACB9 /* Zone.swift in Sources */ = {isa = PBXBuildFile; fileRef = 03BA75B51CA8BAF0002EACB9 /* Zone.swift */; };
/* End PBXBuildFile section */

/* Begin PBXFileReference section */
		03BA759B1CA8BA66002EACB9 /* Minesweeper.app */ = {isa = PBXFileReference; explicitFileType = wrapper.application; includeInIndex = 0; path = Minesweeper.app; sourceTree = BUILT_PRODUCTS_DIR; };
		03BA759E1CA8BA66002EACB9 /* AppDelegate.swift */ = {isa = PBXFileReference; lastKnownFileType = sourcecode.swift; path = AppDelegate.swift; sourceTree = "<group>"; };
		03BA75A01CA8BA66002EACB9 /* GameScene.swift */ = {isa = PBXFileReference; lastKnownFileType = sourcecode.swift; path = GameScene.swift; sourceTree = "<group>"; };
		03BA75A41CA8BA66002EACB9 /* Assets.xcassets */ = {isa = PBXFileReference; lastKnownFileType = folder.assetcatalog; path = Assets.xcassets; sourceTree = "<group>"; };
		03BA75A71CA8BA66002EACB9 /* Base */ = {isa = PBXFileReference; lastKnownFileType = file.xib; name = Base; path = Base.lproj/MainMenu.xib; sourceTree = "<group>"; };
		03BA75A91CA8BA66002EACB9 /* Info.plist */ = {isa = PBXFileReference; lastKnownFileType = text.plist.xml; path = Info.plist; sourceTree = "<group>"; };
		03BA75B31CA8BAD8002EACB9 /* Board.swift */ = {isa = PBXFileReference; fileEncoding = 4; lastKnownFileType = sourcecode.swift; path = Board.swift; sourceTree = "<group>"; };
		03BA75B51CA8BAF0002EACB9 /* Zone.swift */ = {isa = PBXFileReference; fileEncoding = 4; lastKnownFileType = sourcecode.swift; path = Zone.swift; sourceTree = "<group>"; };
/* End PBXFileReference section */

/* Begin PBXFrameworksBuildPhase section */
		03BA75981CA8BA66002EACB9 /* Frameworks */ = {
			isa = PBXFrameworksBuildPhase;
			buildActionMask = 2147483647;
			files = (
			);
			runOnlyForDeploymentPostprocessing = 0;
		};
/* End PBXFrameworksBuildPhase section */

/* Begin PBXGroup section */
		03BA75921CA8BA66002EACB9 = {
			isa = PBXGroup;
			children = (
				03BA759D1CA8BA66002EACB9 /* Minesweeper */,
				03BA759C1CA8BA66002EACB9 /* Products */,
			);
			sourceTree = "<group>";
		};
		03BA759C1CA8BA66002EACB9 /* Products */ = {
			isa = PBXGroup;
			children = (
				03BA759B1CA8BA66002EACB9 /* Minesweeper.app */,
			);
			name = Products;
			sourceTree = "<group>";
		};
		03BA759D1CA8BA66002EACB9 /* Minesweeper */ = {
			isa = PBXGroup;
			children = (
				03BA75B21CA8BABE002EACB9 /* Classes */,
				03BA75B11CA8BAB7002EACB9 /* Nodes */,
				03BA75B01CA8BAAD002EACB9 /* Scenes */,
				03BA75AF1CA8BA75002EACB9 /* Support */,
			);
			path = Minesweeper;
			sourceTree = "<group>";
		};
		03BA75AF1CA8BA75002EACB9 /* Support */ = {
			isa = PBXGroup;
			children = (
				03BA759E1CA8BA66002EACB9 /* AppDelegate.swift */,
				03BA75A41CA8BA66002EACB9 /* Assets.xcassets */,
				03BA75A61CA8BA66002EACB9 /* MainMenu.xib */,
				03BA75A91CA8BA66002EACB9 /* Info.plist */,
			);
			name = Support;
			sourceTree = "<group>";
		};
		03BA75B01CA8BAAD002EACB9 /* Scenes */ = {
			isa = PBXGroup;
			children = (
				03BA75A01CA8BA66002EACB9 /* GameScene.swift */,
			);
			name = Scenes;
			sourceTree = "<group>";
		};
		03BA75B11CA8BAB7002EACB9 /* Nodes */ = {
			isa = PBXGroup;
			children = (
			);
			name = Nodes;
			sourceTree = "<group>";
		};
		03BA75B21CA8BABE002EACB9 /* Classes */ = {
			isa = PBXGroup;
			children = (
				03BA75B31CA8BAD8002EACB9 /* Board.swift */,
				03BA75B51CA8BAF0002EACB9 /* Zone.swift */,
			);
			name = Classes;
			sourceTree = "<group>";
		};
/* End PBXGroup section */

/* Begin PBXNativeTarget section */
		03BA759A1CA8BA66002EACB9 /* Minesweeper */ = {
			isa = PBXNativeTarget;
			buildConfigurationList = 03BA75AC1CA8BA66002EACB9 /* Build configuration list for PBXNativeTarget "Minesweeper" */;
			buildPhases = (
				03BA75971CA8BA66002EACB9 /* Sources */,
				03BA75981CA8BA66002EACB9 /* Frameworks */,
				03BA75991CA8BA66002EACB9 /* Resources */,
			);
			buildRules = (
			);
			dependencies = (
			);
			name = Minesweeper;
			productName = Minesweeper;
			productReference = 03BA759B1CA8BA66002EACB9 /* Minesweeper.app */;
			productType = "com.apple.product-type.application";
		};
/* End PBXNativeTarget section */

/* Begin PBXProject section */
		03BA75931CA8BA66002EACB9 /* Project object */ = {
			isa = PBXProject;
			attributes = {
				LastSwiftUpdateCheck = 0730;
				LastUpgradeCheck = 0730;
				ORGANIZATIONNAME = sizeof.io;
				TargetAttributes = {
					03BA759A1CA8BA66002EACB9 = {
						CreatedOnToolsVersion = 7.3;
					};
				};
			};
			buildConfigurationList = 03BA75961CA8BA66002EACB9 /* Build configuration list for PBXProject "Minesweeper" */;
			compatibilityVersion = "Xcode 3.2";
			developmentRegion = English;
			hasScannedForEncodings = 0;
			knownRegions = (
				en,
				Base,
			);
			mainGroup = 03BA75921CA8BA66002EACB9;
			productRefGroup = 03BA759C1CA8BA66002EACB9 /* Products */;
			projectDirPath = "";
			projectRoot = "";
			targets = (
				03BA759A1CA8BA66002EACB9 /* Minesweeper */,
			);
		};
/* End PBXProject section */

/* Begin PBXResourcesBuildPhase section */
		03BA75991CA8BA66002EACB9 /* Resources */ = {
			isa = PBXResourcesBuildPhase;
			buildActionMask = 2147483647;
			files = (
				03BA75A51CA8BA66002EACB9 /* Assets.xcassets in Resources */,
				03BA75A81CA8BA66002EACB9 /* MainMenu.xib in Resources */,
			);
			runOnlyForDeploymentPostprocessing = 0;
		};
/* End PBXResourcesBuildPhase section */

/* Begin PBXSourcesBuildPhase section */
		03BA75971CA8BA66002EACB9 /* Sources */ = {
			isa = PBXSourcesBuildPhase;
			buildActionMask = 2147483647;
			files = (
				03BA75A11CA8BA66002EACB9 /* GameScene.swift in Sources */,
				03BA759F1CA8BA66002EACB9 /* AppDelegate.swift in Sources */,
				03BA75B41CA8BAD8002EACB9 /* Board.swift in Sources */,
				03BA75B61CA8BAF0002EACB9 /* Zone.swift in Sources */,
			);
			runOnlyForDeploymentPostprocessing = 0;
		};
/* End PBXSourcesBuildPhase section */

/* Begin PBXVariantGroup section */
		03BA75A61CA8BA66002EACB9 /* MainMenu.xib */ = {
			isa = PBXVariantGroup;
			children = (
				03BA75A71CA8BA66002EACB9 /* Base */,
			);
			name = MainMenu.xib;
			sourceTree = "<group>";
		};
/* End PBXVariantGroup section */

/* Begin XCBuildConfiguration section */
		03BA75AA1CA8BA66002EACB9 /* Debug */ = {
			isa = XCBuildConfiguration;
			buildSettings = {
				ALWAYS_SEARCH_USER_PATHS = NO;
				CLANG_ANALYZER_NONNULL = YES;
				CLANG_CXX_LANGUAGE_STANDARD = "gnu++0x";
				CLANG_CXX_LIBRARY = "libc++";
				CLANG_ENABLE_MODULES = YES;
				CLANG_ENABLE_OBJC_ARC = YES;
				CLANG_WARN_BOOL_CONVERSION = YES;
				CLANG_WARN_CONSTANT_CONVERSION = YES;
				CLANG_WARN_DIRECT_OBJC_ISA_USAGE = YES_ERROR;
				CLANG_WARN_EMPTY_BODY = YES;
				CLANG_WARN_ENUM_CONVERSION = YES;
				CLANG_WARN_INT_CONVERSION = YES;
				CLANG_WARN_OBJC_ROOT_CLASS = YES_ERROR;
				CLANG_WARN_UNREACHABLE_CODE = YES;
				CLANG_WARN__DUPLICATE_METHOD_MATCH = YES;
				CODE_SIGN_IDENTITY = "-";
				COPY_PHASE_STRIP = NO;
				DEBUG_INFORMATION_FORMAT = "dwarf-with-dsym";
				ENABLE_STRICT_OBJC_MSGSEND = YES;
				ENABLE_TESTABILITY = YES;
				GCC_C_LANGUAGE_STANDARD = gnu99;
				GCC_DYNAMIC_NO_PIC = NO;
				GCC_NO_COMMON_BLOCKS = YES;
				GCC_OPTIMIZATION_LEVEL = 0;
				GCC_PREPROCESSOR_DEFINITIONS = (
					"DEBUG=1",
					"$(inherited)",
				);
				GCC_WARN_64_TO_32_BIT_CONVERSION = YES;
				GCC_WARN_ABOUT_RETURN_TYPE = YES_ERROR;
				GCC_WARN_UNDECLARED_SELECTOR = YES;
				GCC_WARN_UNINITIALIZED_AUTOS = YES_AGGRESSIVE;
				GCC_WARN_UNUSED_FUNCTION = YES;
				GCC_WARN_UNUSED_VARIABLE = YES;
				MACOSX_DEPLOYMENT_TARGET = 10.11;
				MTL_ENABLE_DEBUG_INFO = YES;
				ONLY_ACTIVE_ARCH = YES;
				SDKROOT = macosx;
				SWIFT_OPTIMIZATION_LEVEL = "-Onone";
			};
			name = Debug;
		};
		03BA75AB1CA8BA66002EACB9 /* Release */ = {
			isa = XCBuildConfiguration;
			buildSettings = {
				ALWAYS_SEARCH_USER_PATHS = NO;
				CLANG_ANALYZER_NONNULL = YES;
				CLANG_CXX_LANGUAGE_STANDARD = "gnu++0x";
				CLANG_CXX_LIBRARY = "libc++";
				CLANG_ENABLE_MODULES = YES;
				CLANG_ENABLE_OBJC_ARC = YES;
				CLANG_WARN_BOOL_CONVERSION = YES;
				CLANG_WARN_CONSTANT_CONVERSION = YES;
				CLANG_WARN_DIRECT_OBJC_ISA_USAGE = YES_ERROR;
				CLANG_WARN_EMPTY_BODY = YES;
				CLANG_WARN_ENUM_CONVERSION = YES;
				CLANG_WARN_INT_CONVERSION = YES;
				CLANG_WARN_OBJC_ROOT_CLASS = YES_ERROR;
				CLANG_WARN_UNREACHABLE_CODE = YES;
				CLANG_WARN__DUPLICATE_METHOD_MATCH = YES;
				CODE_SIGN_IDENTITY = "-";
				COPY_PHASE_STRIP = NO;
				DEBUG_INFORMATION_FORMAT = "dwarf-with-dsym";
				ENABLE_NS_ASSERTIONS = NO;
				ENABLE_STRICT_OBJC_MSGSEND = YES;
				GCC_C_LANGUAGE_STANDARD = gnu99;
				GCC_NO_COMMON_BLOCKS = YES;
				GCC_WARN_64_TO_32_BIT_CONVERSION = YES;
				GCC_WARN_ABOUT_RETURN_TYPE = YES_ERROR;
				GCC_WARN_UNDECLARED_SELECTOR = YES;
				GCC_WARN_UNINITIALIZED_AUTOS = YES_AGGRESSIVE;
				GCC_WARN_UNUSED_FUNCTION = YES;
				GCC_WARN_UNUSED_VARIABLE = YES;
				MACOSX_DEPLOYMENT_TARGET = 10.11;
				MTL_ENABLE_DEBUG_INFO = NO;
				SDKROOT = macosx;
			};
			name = Release;
		};
		03BA75AD1CA8BA66002EACB9 /* Debug */ = {
			isa = XCBuildConfiguration;
			buildSettings = {
				ASSETCATALOG_COMPILER_APPICON_NAME = AppIcon;
				COMBINE_HIDPI_IMAGES = YES;
				INFOPLIST_FILE = Minesweeper/Info.plist;
				LD_RUNPATH_SEARCH_PATHS = "$(inherited) @executable_path/../Frameworks";
				PRODUCT_BUNDLE_IDENTIFIER = io.sizeof.Minesweeper;
				PRODUCT_NAME = "$(TARGET_NAME)";
			};
			name = Debug;
		};
		03BA75AE1CA8BA66002EACB9 /* Release */ = {
			isa = XCBuildConfiguration;
			buildSettings = {
				ASSETCATALOG_COMPILER_APPICON_NAME = AppIcon;
				COMBINE_HIDPI_IMAGES = YES;
				INFOPLIST_FILE = Minesweeper/Info.plist;
				LD_RUNPATH_SEARCH_PATHS = "$(inherited) @executable_path/../Frameworks";
				PRODUCT_BUNDLE_IDENTIFIER = io.sizeof.Minesweeper;
				PRODUCT_NAME = "$(TARGET_NAME)";
			};
			name = Release;
		};
/* End XCBuildConfiguration section */

/* Begin XCConfigurationList section */
		03BA75961CA8BA66002EACB9 /* Build configuration list for PBXProject "Minesweeper" */ = {
			isa = XCConfigurationList;
			buildConfigurations = (
				03BA75AA1CA8BA66002EACB9 /* Debug */,
				03BA75AB1CA8BA66002EACB9 /* Release */,
			);
			defaultConfigurationIsVisible = 0;
			defaultConfigurationName = Release;
		};
		03BA75AC1CA8BA66002EACB9 /* Build configuration list for PBXNativeTarget "Minesweeper" */ = {
			isa = XCConfigurationList;
			buildConfigurations = (
				03BA75AD1CA8BA66002EACB9 /* Debug */,
				03BA75AE1CA8BA66002EACB9 /* Release */,
			);
			defaultConfigurationIsVisible = 0;
			defaultConfigurationName = Release;
		};
/* End XCConfigurationList section */
	};
	rootObject = 03BA75931CA8BA66002EACB9 /* Project object */;
}
